
Microsoft Visual Studio Solution File, Format Version 12.00
# Visual Studio Version 16
VisualStudioVersion = 16.0.30907.101
MinimumVisualStudioVersion = 10.0.40219.1
Project("{FAE04EC0-301F-11D3-BF4B-00C04F79EFBC}") = "FactoryPattern", "FactoryPattern\FactoryPattern.csproj", "{3D3233C3-4B71-4FE4-B4D7-D70EA86FBB6D}"
EndProject
Global
	GlobalSection(SolutionConfigurationPlatforms) = preSolution
		Debug|Any CPU = Debug|Any CPU
		Release|Any CPU = Release|Any CPU
	EndGlobalSection
	GlobalSection(ProjectConfigurationPlatforms) = postSolution
		{3D3233C3-4B71-4FE4-B4D7-D70EA86FBB6D}.Debug|Any CPU.ActiveCfg = Debug|Any CPU
		{3D3233C3-4B71-4FE4-B4D7-D70EA86FBB6D}.Debug|Any CPU.Build.0 = Debug|Any CPU
		{3D3233C3-4B71-4FE4-B4D7-D70EA86FBB6D}.Release|Any CPU.ActiveCfg = Release|Any CPU
		{3D3233C3-4B71-4FE4-B4D7-D70EA86FBB6D}.Release|Any CPU.Build.0 = Release|Any CPU
	EndGlobalSection
	GlobalSection(SolutionProperties) = preSolution
		HideSolutionNode = FALSE
	EndGlobalSection
	GlobalSection(ExtensibilityGlobals) = postSolution
		SolutionGuid = {BBFFDEC9-6590-460C-8898-0E9C3A5B4F8C}
	EndGlobalSection
EndGlobal
