
Microsoft Visual Studio Solution File, Format Version 12.00
# Visual Studio Version 16
VisualStudioVersion = 16.0.30907.101
MinimumVisualStudioVersion = 10.0.40219.1
Project("{FAE04EC0-301F-11D3-BF4B-00C04F79EFBC}") = "FactoryPatternExample2", "FactoryPatternExample2\FactoryPatternExample2.csproj", "{AB2FC78D-6124-4B3D-A355-C59848C5A06E}"
EndProject
Global
	GlobalSection(SolutionConfigurationPlatforms) = preSolution
		Debug|Any CPU = Debug|Any CPU
		Release|Any CPU = Release|Any CPU
	EndGlobalSection
	GlobalSection(ProjectConfigurationPlatforms) = postSolution
		{AB2FC78D-6124-4B3D-A355-C59848C5A06E}.Debug|Any CPU.ActiveCfg = Debug|Any CPU
		{AB2FC78D-6124-4B3D-A355-C59848C5A06E}.Debug|Any CPU.Build.0 = Debug|Any CPU
		{AB2FC78D-6124-4B3D-A355-C59848C5A06E}.Release|Any CPU.ActiveCfg = Release|Any CPU
		{AB2FC78D-6124-4B3D-A355-C59848C5A06E}.Release|Any CPU.Build.0 = Release|Any CPU
	EndGlobalSection
	GlobalSection(SolutionProperties) = preSolution
		HideSolutionNode = FALSE
	EndGlobalSection
	GlobalSection(ExtensibilityGlobals) = postSolution
		SolutionGuid = {6C982746-E0C9-49E4-BC75-ADE475D36456}
	EndGlobalSection
EndGlobal
