
Microsoft Visual Studio Solution File, Format Version 12.00
# Visual Studio Version 16
VisualStudioVersion = 16.0.30907.101
MinimumVisualStudioVersion = 10.0.40219.1
Project("{FAE04EC0-301F-11D3-BF4B-00C04F79EFBC}") = "AbstractFactoryPattern", "AbstractFactoryPattern\AbstractFactoryPattern.csproj", "{81D2288F-180C-4371-9337-7BC0FE119F69}"
EndProject
Global
	GlobalSection(SolutionConfigurationPlatforms) = preSolution
		Debug|Any CPU = Debug|Any CPU
		Release|Any CPU = Release|Any CPU
	EndGlobalSection
	GlobalSection(ProjectConfigurationPlatforms) = postSolution
		{81D2288F-180C-4371-9337-7BC0FE119F69}.Debug|Any CPU.ActiveCfg = Debug|Any CPU
		{81D2288F-180C-4371-9337-7BC0FE119F69}.Debug|Any CPU.Build.0 = Debug|Any CPU
		{81D2288F-180C-4371-9337-7BC0FE119F69}.Release|Any CPU.ActiveCfg = Release|Any CPU
		{81D2288F-180C-4371-9337-7BC0FE119F69}.Release|Any CPU.Build.0 = Release|Any CPU
	EndGlobalSection
	GlobalSection(SolutionProperties) = preSolution
		HideSolutionNode = FALSE
	EndGlobalSection
	GlobalSection(ExtensibilityGlobals) = postSolution
		SolutionGuid = {1499FF68-F802-400A-8530-7335F0AC1D62}
	EndGlobalSection
EndGlobal
